<?xml version="1.0" encoding="utf-8"?>
<Project ToolsVersion="4.0" xmlns="http://schemas.microsoft.com/developer/msbuild/2003">
  <ItemGroup>
    <Filter Include="Resource Files">
      <UniqueIdentifier>{67DA6AB6-F800-4c08-8B7A-83BB121AAD01}</UniqueIdentifier>
      <Extensions>rc;ico;cur;bmp;dlg;rc2;rct;bin;rgs;gif;jpg;jpeg;jpe;resx;tiff;tif;png;wav;mfcribbon-ms</Extensions>
    </Filter>
    <Filter Include="Lexer">
      <UniqueIdentifier>{eb5d2fd4-cab2-49be-b539-ca30835ddea3}</UniqueIdentifier>
    </Filter>
    <Filter Include="Parser">
      <UniqueIdentifier>{4ac0978c-65eb-4b12-b827-6337a2fcbf0c}</UniqueIdentifier>
    </Filter>
  </ItemGroup>
  <ItemGroup>
    <ClCompile Include="main.cpp" />
    <ClCompile Include="Lexer\DFA.cpp">
      <Filter>Lexer</Filter>
    </ClCompile>
    <ClCompile Include="Lexer\Lexer.cpp">
      <Filter>Lexer</Filter>
    </ClCompile>
    <ClCompile Include="Lexer\ReservedWords.cpp">
      <Filter>Lexer</Filter>
    </ClCompile>
    <ClCompile Include="Lexer\Trie.cpp">
      <Filter>Lexer</Filter>
    </ClCompile>
    <ClCompile Include="Parser\Grammar.cpp">
      <Filter>Parser</Filter>
    </ClCompile>
    <ClCompile Include="sheet.cpp" />
    <ClCompile Include="Token.cpp" />
    <ClCompile Include="TokenType.cpp" />
    <ClCompile Include="SymbolTable.cpp" />
    <ClCompile Include="Parser\Parser.cpp">
      <Filter>Parser</Filter>
    </ClCompile>
    <ClCompile Include="Parser\Symbol.cpp">
      <Filter>Parser</Filter>
    </ClCompile>
  </ItemGroup>
  <ItemGroup>
    <ClInclude Include="Lexer\DFA.h">
      <Filter>Lexer</Filter>
    </ClInclude>
    <ClInclude Include="Lexer\Lexer.h">
      <Filter>Lexer</Filter>
    </ClInclude>
    <ClInclude Include="Lexer\ReservedWords.h">
      <Filter>Lexer</Filter>
    </ClInclude>
    <ClInclude Include="Lexer\Trie.h">
      <Filter>Lexer</Filter>
    </ClInclude>
    <ClInclude Include="Parser\Grammar.h">
      <Filter>Parser</Filter>
    </ClInclude>
    <ClInclude Include="Token.h" />
    <ClInclude Include="TokenType.h" />
    <ClInclude Include="SymbolTable.h" />
    <ClInclude Include="Parser\Parser.h">
      <Filter>Parser</Filter>
    </ClInclude>
    <ClInclude Include="Parser\Production.h">
      <Filter>Parser</Filter>
    </ClInclude>
    <ClInclude Include="Parser\Symbol.h">
      <Filter>Parser</Filter>
    </ClInclude>
  </ItemGroup>
</Project>